{
    "_meta": {
        "hash": {
            "sha256": "2309e9272d2a4e92ffdbca44bce386c8434090423f31b8256b0f267c056f595c"
        },
        "pipfile-spec": 6,
        "requires": {
            "python_version": "3.6"
        },
        "sources": [
            {
                "name": "pypi",
                "url": "https://pypi.org/simple",
                "verify_ssl": true
            }
        ]
    },
    "default": {
        "django": {
            "hashes": [
                "sha256:a32c22af23634e1d11425574dce756098e015a165be02e4690179889b207c7a8",
                "sha256:d6393918da830530a9516bbbcbf7f1214c3d733738779f06b0f649f49cc698c3"
            ],
            "index": "pypi",
            "version": "==2.1.5"
        },
        "neo4j-driver": {
            "hashes": [
                "sha256:6a3872f28d34e711e2f6335ae3f4ff10bae338b4986d3f0fe46c592ca1820877"
            ],
            "version": "==1.6.2"
        },
        "neomodel": {
            "hashes": [
                "sha256:a7bbc9fdae17dcd21f2d8581a43d37e7a864b0487e4dbef495ff2522c3ad9dfc"
            ],
            "index": "pypi",
            "version": "==3.3.0"
        },
        "neotime": {
            "hashes": [
                "sha256:849f2e7a67204d67d4cb57c523b6e1cf4d36baf105197294fee6585e76ebc632"
            ],
            "version": "==1.0.0"
        },
        "pytz": {
            "hashes": [
                "sha256:32b0891edff07e28efe91284ed9c31e123d84bea3fd98e1f72be2508f43ef8d9",
                "sha256:d5f05e487007e29e03409f9398d074e158d920d36eb82eaf66fb1136b0c5374c"
            ],
            "version": "==2018.9"
        },
        "six": {
            "hashes": [
                "sha256:3350809f0555b11f552448330d0b52d5f24c91a322ea4a15ef22629740f3761c",
                "sha256:d16a0141ec1a18405cd4ce8b4613101da75da0e9a7aec5bdd4fa804d0e0eba73"
            ],
            "version": "==1.12.0"
        }
    },
    "develop": {}
}
